
Microsoft Visual Studio Solution File, Format Version 12.00
# Visual Studio 15
VisualStudioVersion = 15.0.28307.438
MinimumVisualStudioVersion = 10.0.40219.1
Project("{FAE04EC0-301F-11D3-BF4B-00C04F79EFBC}") = "TrainingProject", "TrainingProject.csproj", "{EE857704-06B6-48ED-85A3-0C0338AD2F50}"
EndProject
Global
	GlobalSection(SolutionConfigurationPlatforms) = preSolution
		Debug|Any CPU = Debug|Any CPU
		Release|Any CPU = Release|Any CPU
	EndGlobalSection
	GlobalSection(ProjectConfigurationPlatforms) = postSolution
		{EE857704-06B6-48ED-85A3-0C0338AD2F50}.Debug|Any CPU.ActiveCfg = Debug|Any CPU
		{EE857704-06B6-48ED-85A3-0C0338AD2F50}.Debug|Any CPU.Build.0 = Debug|Any CPU
		{EE857704-06B6-48ED-85A3-0C0338AD2F50}.Release|Any CPU.ActiveCfg = Release|Any CPU
		{EE857704-06B6-48ED-85A3-0C0338AD2F50}.Release|Any CPU.Build.0 = Release|Any CPU
	EndGlobalSection
	GlobalSection(SolutionProperties) = preSolution
		HideSolutionNode = FALSE
	EndGlobalSection
	GlobalSection(ExtensibilityGlobals) = postSolution
		SolutionGuid = {7E456A1B-EF2B-492C-8A10-1D40AA51CA37}
	EndGlobalSection
EndGlobal
